
Microsoft Visual Studio Solution File, Format Version 12.00
# Visual Studio 2012
Project("{FAE04EC0-301F-11D3-BF4B-00C04F79EFBC}") = "ServerSuperIO", "ServerSuperIO\ServerSuperIO.csproj", "{173C2EAB-9077-4494-98EB-0F59AFB235BD}"
EndProject
Project("{2150E333-8FDC-42A3-9474-1A3956D46DE8}") = "Test", "Test", "{37EE8852-A1D8-4824-B390-77B3F5810C16}"
EndProject
Project("{FAE04EC0-301F-11D3-BF4B-00C04F79EFBC}") = "TestLog", "TestLog\TestLog.csproj", "{852F0BB8-5A4B-44EB-8CA6-B30814C019FA}"
EndProject
Project("{FAE04EC0-301F-11D3-BF4B-00C04F79EFBC}") = "TestTcpListener", "TestTcpListener\TestTcpListener.csproj", "{7A14CA68-AC35-4EBC-ACEA-08EB43F131BE}"
EndProject
Project("{FAE04EC0-301F-11D3-BF4B-00C04F79EFBC}") = "TestHareware", "TestHareware\TestHareware.csproj", "{9E2AEC5B-2588-4F10-BEE4-5D9F71F9EE2A}"
EndProject
Project("{FAE04EC0-301F-11D3-BF4B-00C04F79EFBC}") = "TestDeviceDriver", "TestDeviceDriver\TestDeviceDriver.csproj", "{F4385864-8434-4700-803B-3D1063B37CBE}"
EndProject
Project("{FAE04EC0-301F-11D3-BF4B-00C04F79EFBC}") = "TestLoopMain", "TestLoopMain\TestLoopMain.csproj", "{7B3EF678-7A8A-4A53-8D6E-FFE5E4CC52D2}"
EndProject
Project("{FAE04EC0-301F-11D3-BF4B-00C04F79EFBC}") = "TestSelfMain", "TestSelfMain\TestSelfMain.csproj", "{3A8A27C1-0343-44D2-99A2-778B0824B793}"
EndProject
Project("{FAE04EC0-301F-11D3-BF4B-00C04F79EFBC}") = "TestShowForm", "TestShowForm\TestShowForm.csproj", "{49719ABA-7658-4419-8CF5-AE2DA460A740}"
EndProject
Project("{FAE04EC0-301F-11D3-BF4B-00C04F79EFBC}") = "TestService", "TestService\TestService.csproj", "{06774621-5B21-4C80-B3E3-FF79C2E6D0C6}"
EndProject
Project("{FAE04EC0-301F-11D3-BF4B-00C04F79EFBC}") = "TestParallelMain", "TestParallelMain\TestParallelMain.csproj", "{7D5A1E33-E13D-4771-B052-FFCB1CF2F1DD}"
EndProject
Project("{FAE04EC0-301F-11D3-BF4B-00C04F79EFBC}") = "TestSingletonMain", "TestSingletonMain\TestSingletonMain.csproj", "{D3CA89A8-4D1C-4DBB-B382-BC178FEF6B18}"
EndProject
Global
	GlobalSection(SolutionConfigurationPlatforms) = preSolution
		Debug|Any CPU = Debug|Any CPU
		Release|Any CPU = Release|Any CPU
	EndGlobalSection
	GlobalSection(ProjectConfigurationPlatforms) = postSolution
		{173C2EAB-9077-4494-98EB-0F59AFB235BD}.Debug|Any CPU.ActiveCfg = Debug|Any CPU
		{173C2EAB-9077-4494-98EB-0F59AFB235BD}.Debug|Any CPU.Build.0 = Debug|Any CPU
		{173C2EAB-9077-4494-98EB-0F59AFB235BD}.Release|Any CPU.ActiveCfg = Release|Any CPU
		{173C2EAB-9077-4494-98EB-0F59AFB235BD}.Release|Any CPU.Build.0 = Release|Any CPU
		{852F0BB8-5A4B-44EB-8CA6-B30814C019FA}.Debug|Any CPU.ActiveCfg = Debug|Any CPU
		{852F0BB8-5A4B-44EB-8CA6-B30814C019FA}.Debug|Any CPU.Build.0 = Debug|Any CPU
		{852F0BB8-5A4B-44EB-8CA6-B30814C019FA}.Release|Any CPU.ActiveCfg = Release|Any CPU
		{852F0BB8-5A4B-44EB-8CA6-B30814C019FA}.Release|Any CPU.Build.0 = Release|Any CPU
		{7A14CA68-AC35-4EBC-ACEA-08EB43F131BE}.Debug|Any CPU.ActiveCfg = Debug|Any CPU
		{7A14CA68-AC35-4EBC-ACEA-08EB43F131BE}.Debug|Any CPU.Build.0 = Debug|Any CPU
		{7A14CA68-AC35-4EBC-ACEA-08EB43F131BE}.Release|Any CPU.ActiveCfg = Release|Any CPU
		{7A14CA68-AC35-4EBC-ACEA-08EB43F131BE}.Release|Any CPU.Build.0 = Release|Any CPU
		{9E2AEC5B-2588-4F10-BEE4-5D9F71F9EE2A}.Debug|Any CPU.ActiveCfg = Debug|Any CPU
		{9E2AEC5B-2588-4F10-BEE4-5D9F71F9EE2A}.Debug|Any CPU.Build.0 = Debug|Any CPU
		{9E2AEC5B-2588-4F10-BEE4-5D9F71F9EE2A}.Release|Any CPU.ActiveCfg = Release|Any CPU
		{9E2AEC5B-2588-4F10-BEE4-5D9F71F9EE2A}.Release|Any CPU.Build.0 = Release|Any CPU
		{F4385864-8434-4700-803B-3D1063B37CBE}.Debug|Any CPU.ActiveCfg = Debug|Any CPU
		{F4385864-8434-4700-803B-3D1063B37CBE}.Debug|Any CPU.Build.0 = Debug|Any CPU
		{F4385864-8434-4700-803B-3D1063B37CBE}.Release|Any CPU.ActiveCfg = Release|Any CPU
		{F4385864-8434-4700-803B-3D1063B37CBE}.Release|Any CPU.Build.0 = Release|Any CPU
		{7B3EF678-7A8A-4A53-8D6E-FFE5E4CC52D2}.Debug|Any CPU.ActiveCfg = Debug|Any CPU
		{7B3EF678-7A8A-4A53-8D6E-FFE5E4CC52D2}.Debug|Any CPU.Build.0 = Debug|Any CPU
		{7B3EF678-7A8A-4A53-8D6E-FFE5E4CC52D2}.Release|Any CPU.ActiveCfg = Release|Any CPU
		{7B3EF678-7A8A-4A53-8D6E-FFE5E4CC52D2}.Release|Any CPU.Build.0 = Release|Any CPU
		{3A8A27C1-0343-44D2-99A2-778B0824B793}.Debug|Any CPU.ActiveCfg = Debug|Any CPU
		{3A8A27C1-0343-44D2-99A2-778B0824B793}.Debug|Any CPU.Build.0 = Debug|Any CPU
		{3A8A27C1-0343-44D2-99A2-778B0824B793}.Release|Any CPU.ActiveCfg = Release|Any CPU
		{3A8A27C1-0343-44D2-99A2-778B0824B793}.Release|Any CPU.Build.0 = Release|Any CPU
		{49719ABA-7658-4419-8CF5-AE2DA460A740}.Debug|Any CPU.ActiveCfg = Debug|Any CPU
		{49719ABA-7658-4419-8CF5-AE2DA460A740}.Debug|Any CPU.Build.0 = Debug|Any CPU
		{49719ABA-7658-4419-8CF5-AE2DA460A740}.Release|Any CPU.ActiveCfg = Release|Any CPU
		{49719ABA-7658-4419-8CF5-AE2DA460A740}.Release|Any CPU.Build.0 = Release|Any CPU
		{06774621-5B21-4C80-B3E3-FF79C2E6D0C6}.Debug|Any CPU.ActiveCfg = Debug|Any CPU
		{06774621-5B21-4C80-B3E3-FF79C2E6D0C6}.Debug|Any CPU.Build.0 = Debug|Any CPU
		{06774621-5B21-4C80-B3E3-FF79C2E6D0C6}.Release|Any CPU.ActiveCfg = Release|Any CPU
		{06774621-5B21-4C80-B3E3-FF79C2E6D0C6}.Release|Any CPU.Build.0 = Release|Any CPU
		{7D5A1E33-E13D-4771-B052-FFCB1CF2F1DD}.Debug|Any CPU.ActiveCfg = Debug|Any CPU
		{7D5A1E33-E13D-4771-B052-FFCB1CF2F1DD}.Debug|Any CPU.Build.0 = Debug|Any CPU
		{7D5A1E33-E13D-4771-B052-FFCB1CF2F1DD}.Release|Any CPU.ActiveCfg = Release|Any CPU
		{7D5A1E33-E13D-4771-B052-FFCB1CF2F1DD}.Release|Any CPU.Build.0 = Release|Any CPU
		{D3CA89A8-4D1C-4DBB-B382-BC178FEF6B18}.Debug|Any CPU.ActiveCfg = Debug|Any CPU
		{D3CA89A8-4D1C-4DBB-B382-BC178FEF6B18}.Debug|Any CPU.Build.0 = Debug|Any CPU
		{D3CA89A8-4D1C-4DBB-B382-BC178FEF6B18}.Release|Any CPU.ActiveCfg = Release|Any CPU
		{D3CA89A8-4D1C-4DBB-B382-BC178FEF6B18}.Release|Any CPU.Build.0 = Release|Any CPU
	EndGlobalSection
	GlobalSection(SolutionProperties) = preSolution
		HideSolutionNode = FALSE
	EndGlobalSection
	GlobalSection(NestedProjects) = preSolution
		{852F0BB8-5A4B-44EB-8CA6-B30814C019FA} = {37EE8852-A1D8-4824-B390-77B3F5810C16}
		{7A14CA68-AC35-4EBC-ACEA-08EB43F131BE} = {37EE8852-A1D8-4824-B390-77B3F5810C16}
		{9E2AEC5B-2588-4F10-BEE4-5D9F71F9EE2A} = {37EE8852-A1D8-4824-B390-77B3F5810C16}
		{F4385864-8434-4700-803B-3D1063B37CBE} = {37EE8852-A1D8-4824-B390-77B3F5810C16}
		{7B3EF678-7A8A-4A53-8D6E-FFE5E4CC52D2} = {37EE8852-A1D8-4824-B390-77B3F5810C16}
		{3A8A27C1-0343-44D2-99A2-778B0824B793} = {37EE8852-A1D8-4824-B390-77B3F5810C16}
		{49719ABA-7658-4419-8CF5-AE2DA460A740} = {37EE8852-A1D8-4824-B390-77B3F5810C16}
		{06774621-5B21-4C80-B3E3-FF79C2E6D0C6} = {37EE8852-A1D8-4824-B390-77B3F5810C16}
		{7D5A1E33-E13D-4771-B052-FFCB1CF2F1DD} = {37EE8852-A1D8-4824-B390-77B3F5810C16}
		{D3CA89A8-4D1C-4DBB-B382-BC178FEF6B18} = {37EE8852-A1D8-4824-B390-77B3F5810C16}
	EndGlobalSection
EndGlobal
